// !$*UTF8*$!
{
	archiveVersion = 1;
	classes = {
	};
	objectVersion = 48;
	objects = {

/* Begin PBXBuildFile section */
		60F4D39D2007836700D31BCF /* AppDelegate.swift in Sources */ = {isa = PBXBuildFile; fileRef = 60F4D39C2007836700D31BCF /* AppDelegate.swift */; };
		60F4D3A22007836700D31BCF /* Main.storyboard in Resources */ = {isa = PBXBuildFile; fileRef = 60F4D3A02007836700D31BCF /* Main.storyboard */; };
		60F4D3A42007836700D31BCF /* Assets.xcassets in Resources */ = {isa = PBXBuildFile; fileRef = 60F4D3A32007836700D31BCF /* Assets.xcassets */; };
		60F4D3A72007836700D31BCF /* LaunchScreen.storyboard in Resources */ = {isa = PBXBuildFile; fileRef = 60F4D3A52007836700D31BCF /* LaunchScreen.storyboard */; };
		60F4D3AF2007A29B00D31BCF /* LoveMeTableViewController.swift in Sources */ = {isa = PBXBuildFile; fileRef = 60F4D3AE2007A29B00D31BCF /* LoveMeTableViewController.swift */; };
		60F4D3B12007A2C100D31BCF /* MyLovesListTableViewController.swift in Sources */ = {isa = PBXBuildFile; fileRef = 60F4D3B02007A2C100D31BCF /* MyLovesListTableViewController.swift */; };
		60F4D3B92007A43200D31BCF /* DetailsUserTableViewController.swift in Sources */ = {isa = PBXBuildFile; fileRef = 60F4D3B82007A43200D31BCF /* DetailsUserTableViewController.swift */; };
		60F4D3C12007A58F00D31BCF /* LogInViewController.swift in Sources */ = {isa = PBXBuildFile; fileRef = 60F4D3C02007A58F00D31BCF /* LogInViewController.swift */; };
		60F4D3C32007A7D700D31BCF /* DetailsLoveMeViewController.swift in Sources */ = {isa = PBXBuildFile; fileRef = 60F4D3C22007A7D700D31BCF /* DetailsLoveMeViewController.swift */; };
		60F4D3C52007A91900D31BCF /* ChatViewController.swift in Sources */ = {isa = PBXBuildFile; fileRef = 60F4D3C42007A91900D31BCF /* ChatViewController.swift */; };
		60F4D3C72007AAEA00D31BCF /* SocialTableViewController.swift in Sources */ = {isa = PBXBuildFile; fileRef = 60F4D3C62007AAEA00D31BCF /* SocialTableViewController.swift */; };
		60F4D3CC2007BE6400D31BCF /* ShelterAnimal.swift in Sources */ = {isa = PBXBuildFile; fileRef = 60F4D3CB2007BE6400D31BCF /* ShelterAnimal.swift */; };
		60F4D3CE2007C3D800D31BCF /* AnimalController.swift in Sources */ = {isa = PBXBuildFile; fileRef = 60F4D3CD2007C3D800D31BCF /* AnimalController.swift */; };
		60F4D3D12008552B00D31BCF /* AddLoveViewController.swift in Sources */ = {isa = PBXBuildFile; fileRef = 60F4D3D02008552B00D31BCF /* AddLoveViewController.swift */; };
/* End PBXBuildFile section */

/* Begin PBXFileReference section */
		60F4D3992007836700D31BCF /* Love Me Adopt Me.app */ = {isa = PBXFileReference; explicitFileType = wrapper.application; includeInIndex = 0; path = "Love Me Adopt Me.app"; sourceTree = BUILT_PRODUCTS_DIR; };
		60F4D39C2007836700D31BCF /* AppDelegate.swift */ = {isa = PBXFileReference; lastKnownFileType = sourcecode.swift; path = AppDelegate.swift; sourceTree = "<group>"; };
		60F4D3A12007836700D31BCF /* Base */ = {isa = PBXFileReference; lastKnownFileType = file.storyboard; name = Base; path = Base.lproj/Main.storyboard; sourceTree = "<group>"; };
		60F4D3A32007836700D31BCF /* Assets.xcassets */ = {isa = PBXFileReference; lastKnownFileType = folder.assetcatalog; path = Assets.xcassets; sourceTree = "<group>"; };
		60F4D3A62007836700D31BCF /* Base */ = {isa = PBXFileReference; lastKnownFileType = file.storyboard; name = Base; path = Base.lproj/LaunchScreen.storyboard; sourceTree = "<group>"; };
		60F4D3A82007836700D31BCF /* Info.plist */ = {isa = PBXFileReference; lastKnownFileType = text.plist.xml; path = Info.plist; sourceTree = "<group>"; };
		60F4D3AE2007A29B00D31BCF /* LoveMeTableViewController.swift */ = {isa = PBXFileReference; lastKnownFileType = sourcecode.swift; path = LoveMeTableViewController.swift; sourceTree = "<group>"; };
		60F4D3B02007A2C100D31BCF /* MyLovesListTableViewController.swift */ = {isa = PBXFileReference; lastKnownFileType = sourcecode.swift; path = MyLovesListTableViewController.swift; sourceTree = "<group>"; };
		60F4D3B82007A43200D31BCF /* DetailsUserTableViewController.swift */ = {isa = PBXFileReference; lastKnownFileType = sourcecode.swift; path = DetailsUserTableViewController.swift; sourceTree = "<group>"; };
		60F4D3C02007A58F00D31BCF /* LogInViewController.swift */ = {isa = PBXFileReference; lastKnownFileType = sourcecode.swift; path = LogInViewController.swift; sourceTree = "<group>"; };
		60F4D3C22007A7D700D31BCF /* DetailsLoveMeViewController.swift */ = {isa = PBXFileReference; lastKnownFileType = sourcecode.swift; path = DetailsLoveMeViewController.swift; sourceTree = "<group>"; };
		60F4D3C42007A91900D31BCF /* ChatViewController.swift */ = {isa = PBXFileReference; lastKnownFileType = sourcecode.swift; path = ChatViewController.swift; sourceTree = "<group>"; };
		60F4D3C62007AAEA00D31BCF /* SocialTableViewController.swift */ = {isa = PBXFileReference; lastKnownFileType = sourcecode.swift; path = SocialTableViewController.swift; sourceTree = "<group>"; };
		60F4D3CB2007BE6400D31BCF /* ShelterAnimal.swift */ = {isa = PBXFileReference; lastKnownFileType = sourcecode.swift; path = ShelterAnimal.swift; sourceTree = "<group>"; };
		60F4D3CD2007C3D800D31BCF /* AnimalController.swift */ = {isa = PBXFileReference; lastKnownFileType = sourcecode.swift; path = AnimalController.swift; sourceTree = "<group>"; };
		60F4D3D02008552B00D31BCF /* AddLoveViewController.swift */ = {isa = PBXFileReference; lastKnownFileType = sourcecode.swift; path = AddLoveViewController.swift; sourceTree = "<group>"; };
/* End PBXFileReference section */

/* Begin PBXFrameworksBuildPhase section */
		60F4D3962007836700D31BCF /* Frameworks */ = {
			isa = PBXFrameworksBuildPhase;
			buildActionMask = 2147483647;
			files = (
			);
			runOnlyForDeploymentPostprocessing = 0;
		};
/* End PBXFrameworksBuildPhase section */

/* Begin PBXGroup section */
		60F4D3902007836400D31BCF = {
			isa = PBXGroup;
			children = (
				60F4D39B2007836700D31BCF /* Love Me Adopt Me */,
				60F4D39A2007836700D31BCF /* Products */,
			);
			sourceTree = "<group>";
		};
		60F4D39A2007836700D31BCF /* Products */ = {
			isa = PBXGroup;
			children = (
				60F4D3992007836700D31BCF /* Love Me Adopt Me.app */,
			);
			name = Products;
			sourceTree = "<group>";
		};
		60F4D39B2007836700D31BCF /* Love Me Adopt Me */ = {
			isa = PBXGroup;
			children = (
				60F4D3A82007836700D31BCF /* Info.plist */,
				60F4D3CA2007BDD600D31BCF /* Models */,
				60F4D3BC2007A47700D31BCF /* Controllers */,
				60F4D3A32007836700D31BCF /* Assets.xcassets */,
				60F4D3BE2007A4B900D31BCF /* Layouts */,
				60F4D3BD2007A4AB00D31BCF /* Other */,
			);
			path = "Love Me Adopt Me";
			sourceTree = "<group>";
		};
		60F4D3BC2007A47700D31BCF /* Controllers */ = {
			isa = PBXGroup;
			children = (
				60F4D3CD2007C3D800D31BCF /* AnimalController.swift */,
				60F4D3C02007A58F00D31BCF /* LogInViewController.swift */,
				60F4D3AE2007A29B00D31BCF /* LoveMeTableViewController.swift */,
				60F4D3C22007A7D700D31BCF /* DetailsLoveMeViewController.swift */,
				60F4D3B02007A2C100D31BCF /* MyLovesListTableViewController.swift */,
				60F4D3D02008552B00D31BCF /* AddLoveViewController.swift */,
				60F4D3C62007AAEA00D31BCF /* SocialTableViewController.swift */,
				60F4D3B82007A43200D31BCF /* DetailsUserTableViewController.swift */,
				60F4D3C42007A91900D31BCF /* ChatViewController.swift */,
			);
			path = Controllers;
			sourceTree = "<group>";
		};
		60F4D3BD2007A4AB00D31BCF /* Other */ = {
			isa = PBXGroup;
			children = (
				60F4D39C2007836700D31BCF /* AppDelegate.swift */,
			);
			path = Other;
			sourceTree = "<group>";
		};
		60F4D3BE2007A4B900D31BCF /* Layouts */ = {
			isa = PBXGroup;
			children = (
				60F4D3A02007836700D31BCF /* Main.storyboard */,
				60F4D3A52007836700D31BCF /* LaunchScreen.storyboard */,
			);
			path = Layouts;
			sourceTree = "<group>";
		};
		60F4D3CA2007BDD600D31BCF /* Models */ = {
			isa = PBXGroup;
			children = (
				60F4D3CB2007BE6400D31BCF /* ShelterAnimal.swift */,
			);
			path = Models;
			sourceTree = "<group>";
		};
/* End PBXGroup section */

/* Begin PBXNativeTarget section */
		60F4D3982007836700D31BCF /* Love Me Adopt Me */ = {
			isa = PBXNativeTarget;
			buildConfigurationList = 60F4D3AB2007836800D31BCF /* Build configuration list for PBXNativeTarget "Love Me Adopt Me" */;
			buildPhases = (
				60F4D3952007836700D31BCF /* Sources */,
				60F4D3962007836700D31BCF /* Frameworks */,
				60F4D3972007836700D31BCF /* Resources */,
			);
			buildRules = (
			);
			dependencies = (
			);
			name = "Love Me Adopt Me";
			productName = "Love Me Adopt Me";
			productReference = 60F4D3992007836700D31BCF /* Love Me Adopt Me.app */;
			productType = "com.apple.product-type.application";
		};
/* End PBXNativeTarget section */

/* Begin PBXProject section */
		60F4D3912007836400D31BCF /* Project object */ = {
			isa = PBXProject;
			attributes = {
				LastSwiftUpdateCheck = 0920;
				LastUpgradeCheck = 0920;
				ORGANIZATIONNAME = "Jet van den Berg";
				TargetAttributes = {
					60F4D3982007836700D31BCF = {
						CreatedOnToolsVersion = 9.2;
						ProvisioningStyle = Automatic;
					};
				};
			};
			buildConfigurationList = 60F4D3942007836600D31BCF /* Build configuration list for PBXProject "Love Me Adopt Me" */;
			compatibilityVersion = "Xcode 8.0";
			developmentRegion = en;
			hasScannedForEncodings = 0;
			knownRegions = (
				en,
				Base,
			);
			mainGroup = 60F4D3902007836400D31BCF;
			productRefGroup = 60F4D39A2007836700D31BCF /* Products */;
			projectDirPath = "";
			projectRoot = "";
			targets = (
				60F4D3982007836700D31BCF /* Love Me Adopt Me */,
			);
		};
/* End PBXProject section */

/* Begin PBXResourcesBuildPhase section */
		60F4D3972007836700D31BCF /* Resources */ = {
			isa = PBXResourcesBuildPhase;
			buildActionMask = 2147483647;
			files = (
				60F4D3A72007836700D31BCF /* LaunchScreen.storyboard in Resources */,
				60F4D3A42007836700D31BCF /* Assets.xcassets in Resources */,
				60F4D3A22007836700D31BCF /* Main.storyboard in Resources */,
			);
			runOnlyForDeploymentPostprocessing = 0;
		};
/* End PBXResourcesBuildPhase section */

/* Begin PBXSourcesBuildPhase section */
		60F4D3952007836700D31BCF /* Sources */ = {
			isa = PBXSourcesBuildPhase;
			buildActionMask = 2147483647;
			files = (
				60F4D3C12007A58F00D31BCF /* LogInViewController.swift in Sources */,
				60F4D3CE2007C3D800D31BCF /* AnimalController.swift in Sources */,
				60F4D3B12007A2C100D31BCF /* MyLovesListTableViewController.swift in Sources */,
				60F4D3AF2007A29B00D31BCF /* LoveMeTableViewController.swift in Sources */,
				60F4D3C72007AAEA00D31BCF /* SocialTableViewController.swift in Sources */,
				60F4D3CC2007BE6400D31BCF /* ShelterAnimal.swift in Sources */,
				60F4D3D12008552B00D31BCF /* AddLoveViewController.swift in Sources */,
				60F4D39D2007836700D31BCF /* AppDelegate.swift in Sources */,
				60F4D3C32007A7D700D31BCF /* DetailsLoveMeViewController.swift in Sources */,
				60F4D3C52007A91900D31BCF /* ChatViewController.swift in Sources */,
				60F4D3B92007A43200D31BCF /* DetailsUserTableViewController.swift in Sources */,
			);
			runOnlyForDeploymentPostprocessing = 0;
		};
/* End PBXSourcesBuildPhase section */

/* Begin PBXVariantGroup section */
		60F4D3A02007836700D31BCF /* Main.storyboard */ = {
			isa = PBXVariantGroup;
			children = (
				60F4D3A12007836700D31BCF /* Base */,
			);
			name = Main.storyboard;
			sourceTree = "<group>";
		};
		60F4D3A52007836700D31BCF /* LaunchScreen.storyboard */ = {
			isa = PBXVariantGroup;
			children = (
				60F4D3A62007836700D31BCF /* Base */,
			);
			name = LaunchScreen.storyboard;
			sourceTree = "<group>";
		};
/* End PBXVariantGroup section */

/* Begin XCBuildConfiguration section */
		60F4D3A92007836700D31BCF /* Debug */ = {
			isa = XCBuildConfiguration;
			buildSettings = {
				ALWAYS_SEARCH_USER_PATHS = NO;
				CLANG_ANALYZER_NONNULL = YES;
				CLANG_ANALYZER_NUMBER_OBJECT_CONVERSION = YES_AGGRESSIVE;
				CLANG_CXX_LANGUAGE_STANDARD = "gnu++14";
				CLANG_CXX_LIBRARY = "libc++";
				CLANG_ENABLE_MODULES = YES;
				CLANG_ENABLE_OBJC_ARC = YES;
				CLANG_WARN_BLOCK_CAPTURE_AUTORELEASING = YES;
				CLANG_WARN_BOOL_CONVERSION = YES;
				CLANG_WARN_COMMA = YES;
				CLANG_WARN_CONSTANT_CONVERSION = YES;
				CLANG_WARN_DIRECT_OBJC_ISA_USAGE = YES_ERROR;
				CLANG_WARN_DOCUMENTATION_COMMENTS = YES;
				CLANG_WARN_EMPTY_BODY = YES;
				CLANG_WARN_ENUM_CONVERSION = YES;
				CLANG_WARN_INFINITE_RECURSION = YES;
				CLANG_WARN_INT_CONVERSION = YES;
				CLANG_WARN_NON_LITERAL_NULL_CONVERSION = YES;
				CLANG_WARN_OBJC_LITERAL_CONVERSION = YES;
				CLANG_WARN_OBJC_ROOT_CLASS = YES_ERROR;
				CLANG_WARN_RANGE_LOOP_ANALYSIS = YES;
				CLANG_WARN_STRICT_PROTOTYPES = YES;
				CLANG_WARN_SUSPICIOUS_MOVE = YES;
				CLANG_WARN_UNGUARDED_AVAILABILITY = YES_AGGRESSIVE;
				CLANG_WARN_UNREACHABLE_CODE = YES;
				CLANG_WARN__DUPLICATE_METHOD_MATCH = YES;
				CODE_SIGN_IDENTITY = "iPhone Developer";
				COPY_PHASE_STRIP = NO;
				DEBUG_INFORMATION_FORMAT = dwarf;
				ENABLE_STRICT_OBJC_MSGSEND = YES;
				ENABLE_TESTABILITY = YES;
				GCC_C_LANGUAGE_STANDARD = gnu11;
				GCC_DYNAMIC_NO_PIC = NO;
				GCC_NO_COMMON_BLOCKS = YES;
				GCC_OPTIMIZATION_LEVEL = 0;
				GCC_PREPROCESSOR_DEFINITIONS = (
					"DEBUG=1",
					"$(inherited)",
				);
				GCC_WARN_64_TO_32_BIT_CONVERSION = YES;
				GCC_WARN_ABOUT_RETURN_TYPE = YES_ERROR;
				GCC_WARN_UNDECLARED_SELECTOR = YES;
				GCC_WARN_UNINITIALIZED_AUTOS = YES_AGGRESSIVE;
				GCC_WARN_UNUSED_FUNCTION = YES;
				GCC_WARN_UNUSED_VARIABLE = YES;
				IPHONEOS_DEPLOYMENT_TARGET = 11.2;
				MTL_ENABLE_DEBUG_INFO = YES;
				ONLY_ACTIVE_ARCH = YES;
				SDKROOT = iphoneos;
				SWIFT_ACTIVE_COMPILATION_CONDITIONS = DEBUG;
				SWIFT_OPTIMIZATION_LEVEL = "-Onone";
			};
			name = Debug;
		};
		60F4D3AA2007836700D31BCF /* Release */ = {
			isa = XCBuildConfiguration;
			buildSettings = {
				ALWAYS_SEARCH_USER_PATHS = NO;
				CLANG_ANALYZER_NONNULL = YES;
				CLANG_ANALYZER_NUMBER_OBJECT_CONVERSION = YES_AGGRESSIVE;
				CLANG_CXX_LANGUAGE_STANDARD = "gnu++14";
				CLANG_CXX_LIBRARY = "libc++";
				CLANG_ENABLE_MODULES = YES;
				CLANG_ENABLE_OBJC_ARC = YES;
				CLANG_WARN_BLOCK_CAPTURE_AUTORELEASING = YES;
				CLANG_WARN_BOOL_CONVERSION = YES;
				CLANG_WARN_COMMA = YES;
				CLANG_WARN_CONSTANT_CONVERSION = YES;
				CLANG_WARN_DIRECT_OBJC_ISA_USAGE = YES_ERROR;
				CLANG_WARN_DOCUMENTATION_COMMENTS = YES;
				CLANG_WARN_EMPTY_BODY = YES;
				CLANG_WARN_ENUM_CONVERSION = YES;
				CLANG_WARN_INFINITE_RECURSION = YES;
				CLANG_WARN_INT_CONVERSION = YES;
				CLANG_WARN_NON_LITERAL_NULL_CONVERSION = YES;
				CLANG_WARN_OBJC_LITERAL_CONVERSION = YES;
				CLANG_WARN_OBJC_ROOT_CLASS = YES_ERROR;
				CLANG_WARN_RANGE_LOOP_ANALYSIS = YES;
				CLANG_WARN_STRICT_PROTOTYPES = YES;
				CLANG_WARN_SUSPICIOUS_MOVE = YES;
				CLANG_WARN_UNGUARDED_AVAILABILITY = YES_AGGRESSIVE;
				CLANG_WARN_UNREACHABLE_CODE = YES;
				CLANG_WARN__DUPLICATE_METHOD_MATCH = YES;
				CODE_SIGN_IDENTITY = "iPhone Developer";
				COPY_PHASE_STRIP = NO;
				DEBUG_INFORMATION_FORMAT = "dwarf-with-dsym";
				ENABLE_NS_ASSERTIONS = NO;
				ENABLE_STRICT_OBJC_MSGSEND = YES;
				GCC_C_LANGUAGE_STANDARD = gnu11;
				GCC_NO_COMMON_BLOCKS = YES;
				GCC_WARN_64_TO_32_BIT_CONVERSION = YES;
				GCC_WARN_ABOUT_RETURN_TYPE = YES_ERROR;
				GCC_WARN_UNDECLARED_SELECTOR = YES;
				GCC_WARN_UNINITIALIZED_AUTOS = YES_AGGRESSIVE;
				GCC_WARN_UNUSED_FUNCTION = YES;
				GCC_WARN_UNUSED_VARIABLE = YES;
				IPHONEOS_DEPLOYMENT_TARGET = 11.2;
				MTL_ENABLE_DEBUG_INFO = NO;
				SDKROOT = iphoneos;
				SWIFT_OPTIMIZATION_LEVEL = "-Owholemodule";
				VALIDATE_PRODUCT = YES;
			};
			name = Release;
		};
		60F4D3AC2007836800D31BCF /* Debug */ = {
			isa = XCBuildConfiguration;
			buildSettings = {
				ASSETCATALOG_COMPILER_APPICON_NAME = AppIcon;
				CODE_SIGN_STYLE = Automatic;
				DEVELOPMENT_TEAM = J8NY8ETB7R;
				INFOPLIST_FILE = "Love Me Adopt Me/Info.plist";
				LD_RUNPATH_SEARCH_PATHS = "$(inherited) @executable_path/Frameworks";
				PRODUCT_BUNDLE_IDENTIFIER = "nl.mprog.Love-Me-Adopt-Me";
				PRODUCT_NAME = "$(TARGET_NAME)";
				SWIFT_VERSION = 4.0;
				TARGETED_DEVICE_FAMILY = "1,2";
			};
			name = Debug;
		};
		60F4D3AD2007836800D31BCF /* Release */ = {
			isa = XCBuildConfiguration;
			buildSettings = {
				ASSETCATALOG_COMPILER_APPICON_NAME = AppIcon;
				CODE_SIGN_STYLE = Automatic;
				DEVELOPMENT_TEAM = J8NY8ETB7R;
				INFOPLIST_FILE = "Love Me Adopt Me/Info.plist";
				LD_RUNPATH_SEARCH_PATHS = "$(inherited) @executable_path/Frameworks";
				PRODUCT_BUNDLE_IDENTIFIER = "nl.mprog.Love-Me-Adopt-Me";
				PRODUCT_NAME = "$(TARGET_NAME)";
				SWIFT_VERSION = 4.0;
				TARGETED_DEVICE_FAMILY = "1,2";
			};
			name = Release;
		};
/* End XCBuildConfiguration section */

/* Begin XCConfigurationList section */
		60F4D3942007836600D31BCF /* Build configuration list for PBXProject "Love Me Adopt Me" */ = {
			isa = XCConfigurationList;
			buildConfigurations = (
				60F4D3A92007836700D31BCF /* Debug */,
				60F4D3AA2007836700D31BCF /* Release */,
			);
			defaultConfigurationIsVisible = 0;
			defaultConfigurationName = Release;
		};
		60F4D3AB2007836800D31BCF /* Build configuration list for PBXNativeTarget "Love Me Adopt Me" */ = {
			isa = XCConfigurationList;
			buildConfigurations = (
				60F4D3AC2007836800D31BCF /* Debug */,
				60F4D3AD2007836800D31BCF /* Release */,
			);
			defaultConfigurationIsVisible = 0;
			defaultConfigurationName = Release;
		};
/* End XCConfigurationList section */
	};
	rootObject = 60F4D3912007836400D31BCF /* Project object */;
}
